{
  "name": "forge-htmx",
  "lockfileVersion": 2,
  "requires": true,
  "packages": {
    "": {
      "dependencies": {
        "htmx.org": "1.9.6"
      }
    },
    "node_modules/htmx.org": {
      "version": "1.9.6",
      "resolved": "https://registry.npmjs.org/htmx.org/-/htmx.org-1.9.6.tgz",
      "integrity": "sha512-4Zebo9nzg8u2ZHuIJmvB/nQS6kIMLIoEfhTg/oRwyCIJhL5MLA/jPU1EPEBtGOmG4ZG0k05Vpd3sab2+zfvteQ=="
    }
  },
  "dependencies": {
    "htmx.org": {
      "version": "1.9.6",
      "resolved": "https://registry.npmjs.org/htmx.org/-/htmx.org-1.9.6.tgz",
      "integrity": "sha512-4Zebo9nzg8u2ZHuIJmvB/nQS6kIMLIoEfhTg/oRwyCIJhL5MLA/jPU1EPEBtGOmG4ZG0k05Vpd3sab2+zfvteQ=="
    }
  }
}
