{
  "name": "forge-htmx",
  "lockfileVersion": 2,
  "requires": true,
  "packages": {
    "": {
      "dependencies": {
        "htmx.org": "1.8.4"
      }
    },
    "node_modules/htmx.org": {
      "version": "1.8.4",
      "resolved": "https://registry.npmjs.org/htmx.org/-/htmx.org-1.8.4.tgz",
      "integrity": "sha512-T+1Z9RAZpJ1Ia6cvpV67lstvJ5UQkNpUAulpyfxUCHYbzYcaUVQC/PrcIdPNRU9e1ii6Ec7EEw7GnenavOZB6g=="
    }
  },
  "dependencies": {
    "htmx.org": {
      "version": "1.8.4",
      "resolved": "https://registry.npmjs.org/htmx.org/-/htmx.org-1.8.4.tgz",
      "integrity": "sha512-T+1Z9RAZpJ1Ia6cvpV67lstvJ5UQkNpUAulpyfxUCHYbzYcaUVQC/PrcIdPNRU9e1ii6Ec7EEw7GnenavOZB6g=="
    }
  }
}
