{
  "name": "forge-htmx",
  "lockfileVersion": 2,
  "requires": true,
  "packages": {
    "": {
      "dependencies": {
        "htmx.org": "1.9.9"
      }
    },
    "node_modules/htmx.org": {
      "version": "1.9.9",
      "resolved": "https://registry.npmjs.org/htmx.org/-/htmx.org-1.9.9.tgz",
      "integrity": "sha512-PDEZU1me7UGLzQk98LyfLvwFgdtn9mrCVMmAxv1/UjshUnxsc+rouu+Ot2QfFZxsY4mBCoOed5nK7m9Nj2Tu7g=="
    }
  },
  "dependencies": {
    "htmx.org": {
      "version": "1.9.9",
      "resolved": "https://registry.npmjs.org/htmx.org/-/htmx.org-1.9.9.tgz",
      "integrity": "sha512-PDEZU1me7UGLzQk98LyfLvwFgdtn9mrCVMmAxv1/UjshUnxsc+rouu+Ot2QfFZxsY4mBCoOed5nK7m9Nj2Tu7g=="
    }
  }
}
